
Microsoft Visual Studio Solution File, Format Version 11.00
# Visual Studio 2010
Project("{FAE04EC0-301F-11D3-BF4B-00C04F79EFBC}") = "OPIc Breakers", "Assembly-CSharp.csproj", "{FD16879F-F84A-11EE-C109-0B863E7F9AC7}"
EndProject
Project("{FAE04EC0-301F-11D3-BF4B-00C04F79EFBC}") = "OPIc Breakers", "Assembly-CSharp-Editor.csproj", "{6F5A124C-1F6E-11D5-7A44-935AEDC20646}"
EndProject
Global
	GlobalSection(SolutionConfigurationPlatforms) = preSolution
		Debug|Any CPU = Debug|Any CPU
		Release|Any CPU = Release|Any CPU
	EndGlobalSection
	GlobalSection(ProjectConfigurationPlatforms) = postSolution
		{FD16879F-F84A-11EE-C109-0B863E7F9AC7}.Debug|Any CPU.ActiveCfg = Debug|Any CPU
		{FD16879F-F84A-11EE-C109-0B863E7F9AC7}.Debug|Any CPU.Build.0 = Debug|Any CPU
		{FD16879F-F84A-11EE-C109-0B863E7F9AC7}.Release|Any CPU.ActiveCfg = Release|Any CPU
		{FD16879F-F84A-11EE-C109-0B863E7F9AC7}.Release|Any CPU.Build.0 = Release|Any CPU
		{6F5A124C-1F6E-11D5-7A44-935AEDC20646}.Debug|Any CPU.ActiveCfg = Debug|Any CPU
		{6F5A124C-1F6E-11D5-7A44-935AEDC20646}.Debug|Any CPU.Build.0 = Debug|Any CPU
		{6F5A124C-1F6E-11D5-7A44-935AEDC20646}.Release|Any CPU.ActiveCfg = Release|Any CPU
		{6F5A124C-1F6E-11D5-7A44-935AEDC20646}.Release|Any CPU.Build.0 = Release|Any CPU
	EndGlobalSection
	GlobalSection(SolutionProperties) = preSolution
		HideSolutionNode = FALSE
	EndGlobalSection
	GlobalSection(MonoDevelopProperties) = preSolution
		StartupItem = Assembly-CSharp.csproj
	EndGlobalSection
EndGlobal
